
Microsoft Visual Studio Solution File, Format Version 12.00
# Visual Studio Version 17
VisualStudioVersion = 17.8.34330.188
MinimumVisualStudioVersion = 10.0.40219.1
Project("{FAE04EC0-301F-11D3-BF4B-00C04F79EFBC}") = "Ecommerce", "Ecommerce\Ecommerce.csproj", "{F8453E3B-45ED-4DCF-92F1-EC1FF6B022E7}"
EndProject
Global
	GlobalSection(SolutionConfigurationPlatforms) = preSolution
		Debug|Any CPU = Debug|Any CPU
		Release|Any CPU = Release|Any CPU
	EndGlobalSection
	GlobalSection(ProjectConfigurationPlatforms) = postSolution
		{F8453E3B-45ED-4DCF-92F1-EC1FF6B022E7}.Debug|Any CPU.ActiveCfg = Debug|Any CPU
		{F8453E3B-45ED-4DCF-92F1-EC1FF6B022E7}.Debug|Any CPU.Build.0 = Debug|Any CPU
		{F8453E3B-45ED-4DCF-92F1-EC1FF6B022E7}.Release|Any CPU.ActiveCfg = Release|Any CPU
		{F8453E3B-45ED-4DCF-92F1-EC1FF6B022E7}.Release|Any CPU.Build.0 = Release|Any CPU
	EndGlobalSection
	GlobalSection(SolutionProperties) = preSolution
		HideSolutionNode = FALSE
	EndGlobalSection
	GlobalSection(ExtensibilityGlobals) = postSolution
		SolutionGuid = {980439A4-10C6-4D8B-9B21-6BA655EB4AB8}
	EndGlobalSection
EndGlobal
